
Microsoft Visual Studio Solution File, Format Version 12.00
# Visual Studio 15
VisualStudioVersion = 15.0.27428.1
MinimumVisualStudioVersion = 10.0.40219.1
Project("{FAE04EC0-301F-11D3-BF4B-00C04F79EFBC}") = "ChallengeConditionalRadioButton", "ChallengeConditionalRadioButton\ChallengeConditionalRadioButton.csproj", "{17EC7799-58F9-4410-9169-7E4EB5A8439B}"
EndProject
Global
	GlobalSection(SolutionConfigurationPlatforms) = preSolution
		Debug|Any CPU = Debug|Any CPU
		Release|Any CPU = Release|Any CPU
	EndGlobalSection
	GlobalSection(ProjectConfigurationPlatforms) = postSolution
		{17EC7799-58F9-4410-9169-7E4EB5A8439B}.Debug|Any CPU.ActiveCfg = Debug|Any CPU
		{17EC7799-58F9-4410-9169-7E4EB5A8439B}.Debug|Any CPU.Build.0 = Debug|Any CPU
		{17EC7799-58F9-4410-9169-7E4EB5A8439B}.Release|Any CPU.ActiveCfg = Release|Any CPU
		{17EC7799-58F9-4410-9169-7E4EB5A8439B}.Release|Any CPU.Build.0 = Release|Any CPU
	EndGlobalSection
	GlobalSection(SolutionProperties) = preSolution
		HideSolutionNode = FALSE
	EndGlobalSection
	GlobalSection(ExtensibilityGlobals) = postSolution
		SolutionGuid = {0BE60F33-8FB9-447C-93F2-C2EB05A649C8}
	EndGlobalSection
EndGlobal
